
Microsoft Visual Studio Solution File, Format Version 12.00
# Visual Studio Version 17
VisualStudioVersion = 17.2.32630.192
MinimumVisualStudioVersion = 10.0.40219.1
Project("{FAE04EC0-301F-11D3-BF4B-00C04F79EFBC}") = "AreaDeUmTriangulo", "AreaDeUmTriangulo\AreaDeUmTriangulo.csproj", "{93B4FA44-94DC-410B-BF07-BDE44BE8E800}"
EndProject
Global
	GlobalSection(SolutionConfigurationPlatforms) = preSolution
		Debug|Any CPU = Debug|Any CPU
		Release|Any CPU = Release|Any CPU
	EndGlobalSection
	GlobalSection(ProjectConfigurationPlatforms) = postSolution
		{93B4FA44-94DC-410B-BF07-BDE44BE8E800}.Debug|Any CPU.ActiveCfg = Debug|Any CPU
		{93B4FA44-94DC-410B-BF07-BDE44BE8E800}.Debug|Any CPU.Build.0 = Debug|Any CPU
		{93B4FA44-94DC-410B-BF07-BDE44BE8E800}.Release|Any CPU.ActiveCfg = Release|Any CPU
		{93B4FA44-94DC-410B-BF07-BDE44BE8E800}.Release|Any CPU.Build.0 = Release|Any CPU
	EndGlobalSection
	GlobalSection(SolutionProperties) = preSolution
		HideSolutionNode = FALSE
	EndGlobalSection
	GlobalSection(ExtensibilityGlobals) = postSolution
		SolutionGuid = {278EA5E1-6500-4A65-ADDF-ACD70791DEFD}
	EndGlobalSection
EndGlobal
